{
  "requires": true,
  "lockfileVersion": 1,
  "dependencies": {
    "ngx-gallery": {
      "version": "5.10.0",
      "resolved": "https://registry.npmjs.org/ngx-gallery/-/ngx-gallery-5.10.0.tgz",
      "integrity": "sha512-+2DnsBfkIzNQoReOHf6+OMf06+qyQQMyVVN4iQAtL0+KykjVqDZiBwLQtmwajDWMGph6O1HNKLrqTcmgqw+d2A=="
    }
  }
}
